
Microsoft Visual Studio Solution File, Format Version 12.00
# Visual Studio Version 17
VisualStudioVersion = 17.0.31912.275
MinimumVisualStudioVersion = 10.0.40219.1
Project("{9A19103F-16F7-4668-BE54-9A1E7A4F7556}") = "DevIO.Business", "src\DevIO.Business\DevIO.Business.csproj", "{78623DEB-B5E5-4AE0-891D-326E1125E4BA}"
EndProject
Project("{9A19103F-16F7-4668-BE54-9A1E7A4F7556}") = "DevIO.Data", "src\DevIO.Data\DevIO.Data.csproj", "{D0857FAF-8F3D-4310-8F44-83ADC660FF88}"
EndProject
Project("{FAE04EC0-301F-11D3-BF4B-00C04F79EFBC}") = "DevIO.API", "src\DevIO.API\DevIO.API.csproj", "{37BEAB92-4901-4DF9-AA8D-606C7D1F21DF}"
EndProject
Global
	GlobalSection(SolutionConfigurationPlatforms) = preSolution
		Debug|Any CPU = Debug|Any CPU
		Release|Any CPU = Release|Any CPU
	EndGlobalSection
	GlobalSection(ProjectConfigurationPlatforms) = postSolution
		{78623DEB-B5E5-4AE0-891D-326E1125E4BA}.Debug|Any CPU.ActiveCfg = Debug|Any CPU
		{78623DEB-B5E5-4AE0-891D-326E1125E4BA}.Debug|Any CPU.Build.0 = Debug|Any CPU
		{78623DEB-B5E5-4AE0-891D-326E1125E4BA}.Release|Any CPU.ActiveCfg = Release|Any CPU
		{78623DEB-B5E5-4AE0-891D-326E1125E4BA}.Release|Any CPU.Build.0 = Release|Any CPU
		{D0857FAF-8F3D-4310-8F44-83ADC660FF88}.Debug|Any CPU.ActiveCfg = Debug|Any CPU
		{D0857FAF-8F3D-4310-8F44-83ADC660FF88}.Debug|Any CPU.Build.0 = Debug|Any CPU
		{D0857FAF-8F3D-4310-8F44-83ADC660FF88}.Release|Any CPU.ActiveCfg = Release|Any CPU
		{D0857FAF-8F3D-4310-8F44-83ADC660FF88}.Release|Any CPU.Build.0 = Release|Any CPU
		{37BEAB92-4901-4DF9-AA8D-606C7D1F21DF}.Debug|Any CPU.ActiveCfg = Debug|Any CPU
		{37BEAB92-4901-4DF9-AA8D-606C7D1F21DF}.Debug|Any CPU.Build.0 = Debug|Any CPU
		{37BEAB92-4901-4DF9-AA8D-606C7D1F21DF}.Release|Any CPU.ActiveCfg = Release|Any CPU
		{37BEAB92-4901-4DF9-AA8D-606C7D1F21DF}.Release|Any CPU.Build.0 = Release|Any CPU
	EndGlobalSection
	GlobalSection(SolutionProperties) = preSolution
		HideSolutionNode = FALSE
	EndGlobalSection
	GlobalSection(ExtensibilityGlobals) = postSolution
		SolutionGuid = {709D2021-FA21-4D3F-8244-581F0206910D}
	EndGlobalSection
EndGlobal
